
Microsoft Visual Studio Solution File, Format Version 12.00
# Visual Studio 15
VisualStudioVersion = 15.0.28307.539
MinimumVisualStudioVersion = 10.0.40219.1
Project("{FAE04EC0-301F-11D3-BF4B-00C04F79EFBC}") = "AzureSubscription", "AzureSubscription\AzureSubscription.csproj", "{31CF3838-8FBF-4F64-99FF-33BAA7EE8399}"
EndProject
Global
	GlobalSection(SolutionConfigurationPlatforms) = preSolution
		Debug|Any CPU = Debug|Any CPU
		Release|Any CPU = Release|Any CPU
	EndGlobalSection
	GlobalSection(ProjectConfigurationPlatforms) = postSolution
		{31CF3838-8FBF-4F64-99FF-33BAA7EE8399}.Debug|Any CPU.ActiveCfg = Debug|Any CPU
		{31CF3838-8FBF-4F64-99FF-33BAA7EE8399}.Debug|Any CPU.Build.0 = Debug|Any CPU
		{31CF3838-8FBF-4F64-99FF-33BAA7EE8399}.Release|Any CPU.ActiveCfg = Release|Any CPU
		{31CF3838-8FBF-4F64-99FF-33BAA7EE8399}.Release|Any CPU.Build.0 = Release|Any CPU
	EndGlobalSection
	GlobalSection(SolutionProperties) = preSolution
		HideSolutionNode = FALSE
	EndGlobalSection
	GlobalSection(ExtensibilityGlobals) = postSolution
		SolutionGuid = {C90AE374-4FFC-4DF1-818A-BEBA4ED8D1A5}
	EndGlobalSection
EndGlobal
